{
  "name": "@salypse/drop-down-menu",
  "version": "1.0.0",
  "lockfileVersion": 3,
  "requires": true,
  "packages": {
    "": {
      "name": "@salypse/drop-down-menu",
      "version": "1.0.0",
      "license": "ISC",
      "dependencies": {
        "@salypse/drop-down-menu": "^1.0.0"
      }
    },
    "node_modules/@salypse/drop-down-menu": {
      "version": "1.0.0",
      "resolved": "https://registry.npmjs.org/@salypse/drop-down-menu/-/drop-down-menu-1.0.0.tgz",
      "integrity": "sha512-5s8nFGp2z3ieUQPeTq8JCmq0Wy3xuZsiJE19JA5y1uHKD6oVBnUEoup9bfo5hA9SjuSYmFtuZrEctSh0uwAnrg==",
      "license": "ISC"
    }
  }
}
